
Microsoft Visual Studio Solution File, Format Version 12.00
# Visual Studio Version 16
VisualStudioVersion = 16.0.810.4
MinimumVisualStudioVersion = 10.0.40219.1
Project("{FAE04EC0-301F-11D3-BF4B-00C04F79EFBC}") = "HttpTriggerDemo", "HttpTriggerDemo\HttpTriggerDemo.csproj", "{BDA69FFE-889B-4EE5-B7A9-A5E9FE3B0B67}"
EndProject
Global
	GlobalSection(SolutionConfigurationPlatforms) = preSolution
		Debug|Any CPU = Debug|Any CPU
		Release|Any CPU = Release|Any CPU
	EndGlobalSection
	GlobalSection(ProjectConfigurationPlatforms) = postSolution
		{BDA69FFE-889B-4EE5-B7A9-A5E9FE3B0B67}.Debug|Any CPU.ActiveCfg = Debug|Any CPU
		{BDA69FFE-889B-4EE5-B7A9-A5E9FE3B0B67}.Debug|Any CPU.Build.0 = Debug|Any CPU
		{BDA69FFE-889B-4EE5-B7A9-A5E9FE3B0B67}.Release|Any CPU.ActiveCfg = Release|Any CPU
		{BDA69FFE-889B-4EE5-B7A9-A5E9FE3B0B67}.Release|Any CPU.Build.0 = Release|Any CPU
	EndGlobalSection
	GlobalSection(SolutionProperties) = preSolution
		HideSolutionNode = FALSE
	EndGlobalSection
	GlobalSection(ExtensibilityGlobals) = postSolution
		SolutionGuid = {39534469-DE86-472C-B3D0-741B296F9F84}
	EndGlobalSection
EndGlobal
